PODS:
  - BSWHPhotoPicker (0.0.1)
  - FBSnapshotTestCase (2.1.4):
    - FBSnapshotTestCase/SwiftSupport (= 2.1.4)
  - FBSnapshotTestCase/Core (2.1.4)
  - FBSnapshotTestCase/SwiftSupport (2.1.4):
    - FBSnapshotTestCase/Core
  - SnapKit (5.7.1)

DEPENDENCIES:
  - BSWHPhotoPicker (from `../`)
  - FBSnapshotTestCase (~> 2.1.4)
  - SnapKit

SPEC REPOS:
  trunk:
    - FBSnapshotTestCase
    - SnapKit

EXTERNAL SOURCES:
  BSWHPhotoPicker:
    :path: "../"

SPEC CHECKSUMS:
  BSWHPhotoPicker: eb76b1e91fa69e10b9ac36997de185e13895e8f9
  FBSnapshotTestCase: 094f9f314decbabe373b87cc339bea235a63e07a
  SnapKit: d612e99e678a2d3b95bf60b0705ed0a35c03484a

PODFILE CHECKSUM: 63c4450148f66f2120bef2bf15d80bab28e4eb89

COCOAPODS: 1.16.2
